
Microsoft Visual Studio Solution File, Format Version 12.00
# Visual Studio Version 17
VisualStudioVersion = 17.1.32228.430
MinimumVisualStudioVersion = 10.0.40219.1
Project("{FAE04EC0-301F-11D3-BF4B-00C04F79EFBC}") = "BlogPessoal", "BlogPessoal\BlogPessoal.csproj", "{685789E6-EAE1-40AA-99EA-F070EBBC6B9E}"
EndProject
Project("{FAE04EC0-301F-11D3-BF4B-00C04F79EFBC}") = "BlogPessoalTeste", "BlogPessoalTeste\BlogPessoalTeste.csproj", "{1B080B9E-FA51-4A02-A76E-493125D2F052}"
EndProject
Global
	GlobalSection(SolutionConfigurationPlatforms) = preSolution
		Debug|Any CPU = Debug|Any CPU
		Release|Any CPU = Release|Any CPU
	EndGlobalSection
	GlobalSection(ProjectConfigurationPlatforms) = postSolution
		{685789E6-EAE1-40AA-99EA-F070EBBC6B9E}.Debug|Any CPU.ActiveCfg = Debug|Any CPU
		{685789E6-EAE1-40AA-99EA-F070EBBC6B9E}.Debug|Any CPU.Build.0 = Debug|Any CPU
		{685789E6-EAE1-40AA-99EA-F070EBBC6B9E}.Release|Any CPU.ActiveCfg = Release|Any CPU
		{685789E6-EAE1-40AA-99EA-F070EBBC6B9E}.Release|Any CPU.Build.0 = Release|Any CPU
		{1B080B9E-FA51-4A02-A76E-493125D2F052}.Debug|Any CPU.ActiveCfg = Debug|Any CPU
		{1B080B9E-FA51-4A02-A76E-493125D2F052}.Debug|Any CPU.Build.0 = Debug|Any CPU
		{1B080B9E-FA51-4A02-A76E-493125D2F052}.Release|Any CPU.ActiveCfg = Release|Any CPU
		{1B080B9E-FA51-4A02-A76E-493125D2F052}.Release|Any CPU.Build.0 = Release|Any CPU
	EndGlobalSection
	GlobalSection(SolutionProperties) = preSolution
		HideSolutionNode = FALSE
	EndGlobalSection
	GlobalSection(ExtensibilityGlobals) = postSolution
		SolutionGuid = {4F34FD66-B4E1-49E8-B39D-C3072834A5F6}
	EndGlobalSection
EndGlobal
